lockfileVersion: '9.0'

settings:
  autoInstallPeers: true
  excludeLinksFromLockfile: false

importers:

  .:
    dependencies:
      discord.js:
        specifier: ^14.19.1
        version: 14.19.1
    devDependencies:
      '@types/node':
        specifier: ^22.15.2
        version: 22.15.2
      tsx:
        specifier: ^4.19.3
        version: 4.19.3
      ttsc:
        specifier: ^0.3.1
        version: 0.3.1(ts-node@10.9.2(@types/node@22.15.2)(typescript@5.8.3))(typescript@5.8.3)
      typescript:
        specifier: ^5.8.3
        version: 5.8.3
      typescript-transform-paths:
        specifier: ^3.5.5
        version: 3.5.5(typescript@5.8.3)

packages:

  '@cspotcode/source-map-support@0.8.1':
    resolution: {integrity: sha512-IchNf6dN4tHoMFIn/7OE8LWZ19Y6q/67Bmf6vnGREv8RSbBVb9LPJxEcnwrcwX6ixSvaiGoomAUvu4YSxXrVgw==}
    engines: {node: '>=12'}

  '@discordjs/builders@1.11.1':
    resolution: {integrity: sha512-2zDAVuoeAkdv0YQzYKO8vZfaDfB+1KZ60ymBKtD7QDpsh6lzAnQSUBLqeRkhlons6BT9+yRctOh9fPy94w6kDA==}
    engines: {node: '>=16.11.0'}

  '@discordjs/collection@1.5.3':
    resolution: {integrity: sha512-SVb428OMd3WO1paV3rm6tSjM4wC+Kecaa1EUGX7vc6/fddvw/6lg90z4QtCqm21zvVe92vMMDt9+DkIvjXImQQ==}
    engines: {node: '>=16.11.0'}

  '@discordjs/collection@2.1.1':
    resolution: {integrity: sha512-LiSusze9Tc7qF03sLCujF5iZp7K+vRNEDBZ86FT9aQAv3vxMLihUvKvpsCWiQ2DJq1tVckopKm1rxomgNUc9hg==}
    engines: {node: '>=18'}

  '@discordjs/formatters@0.6.1':
    resolution: {integrity: sha512-5cnX+tASiPCqCWtFcFslxBVUaCetB0thvM/JyavhbXInP1HJIEU+Qv/zMrnuwSsX3yWH2lVXNJZeDK3EiP4HHg==}
    engines: {node: '>=16.11.0'}

  '@discordjs/rest@2.5.0':
    resolution: {integrity: sha512-PWhchxTzpn9EV3vvPRpwS0EE2rNYB9pvzDU/eLLW3mByJl0ZHZjHI2/wA8EbH2gRMQV7nu+0FoDF84oiPl8VAQ==}
    engines: {node: '>=18'}

  '@discordjs/util@1.1.1':
    resolution: {integrity: sha512-eddz6UnOBEB1oITPinyrB2Pttej49M9FZQY8NxgEvc3tq6ZICZ19m70RsmzRdDHk80O9NoYN/25AqJl8vPVf/g==}
    engines: {node: '>=18'}

  '@discordjs/ws@1.2.2':
    resolution: {integrity: sha512-dyfq7yn0wO0IYeYOs3z79I6/HumhmKISzFL0Z+007zQJMtAFGtt3AEoq1nuLXtcunUE5YYYQqgKvybXukAK8/w==}
    engines: {node: '>=16.11.0'}

  '@esbuild/aix-ppc64@0.25.3':
    resolution: {integrity: sha512-W8bFfPA8DowP8l//sxjJLSLkD8iEjMc7cBVyP+u4cEv9sM7mdUCkgsj+t0n/BWPFtv7WWCN5Yzj0N6FJNUUqBQ==}
    engines: {node: '>=18'}
    cpu: [ppc64]
    os: [aix]

  '@esbuild/android-arm64@0.25.3':
    resolution: {integrity: sha512-XelR6MzjlZuBM4f5z2IQHK6LkK34Cvv6Rj2EntER3lwCBFdg6h2lKbtRjpTTsdEjD/WSe1q8UyPBXP1x3i/wYQ==}
    engines: {node: '>=18'}
    cpu: [arm64]
    os: [android]

  '@esbuild/android-arm@0.25.3':
    resolution: {integrity: sha512-PuwVXbnP87Tcff5I9ngV0lmiSu40xw1At6i3GsU77U7cjDDB4s0X2cyFuBiDa1SBk9DnvWwnGvVaGBqoFWPb7A==}
    engines: {node: '>=18'}
    cpu: [arm]
    os: [android]

  '@esbuild/android-x64@0.25.3':
    resolution: {integrity: sha512-ogtTpYHT/g1GWS/zKM0cc/tIebFjm1F9Aw1boQ2Y0eUQ+J89d0jFY//s9ei9jVIlkYi8AfOjiixcLJSGNSOAdQ==}
    engines: {node: '>=18'}
    cpu: [x64]
    os: [android]

  '@esbuild/darwin-arm64@0.25.3':
    resolution: {integrity: sha512-eESK5yfPNTqpAmDfFWNsOhmIOaQA59tAcF/EfYvo5/QWQCzXn5iUSOnqt3ra3UdzBv073ykTtmeLJZGt3HhA+w==}
    engines: {node: '>=18'}
    cpu: [arm64]
    os: [darwin]

  '@esbuild/darwin-x64@0.25.3':
    resolution: {integrity: sha512-Kd8glo7sIZtwOLcPbW0yLpKmBNWMANZhrC1r6K++uDR2zyzb6AeOYtI6udbtabmQpFaxJ8uduXMAo1gs5ozz8A==}
    engines: {node: '>=18'}
    cpu: [x64]
    os: [darwin]

  '@esbuild/freebsd-arm64@0.25.3':
    resolution: {integrity: sha512-EJiyS70BYybOBpJth3M0KLOus0n+RRMKTYzhYhFeMwp7e/RaajXvP+BWlmEXNk6uk+KAu46j/kaQzr6au+JcIw==}
    engines: {node: '>=18'}
    cpu: [arm64]
    os: [freebsd]

  '@esbuild/freebsd-x64@0.25.3':
    resolution: {integrity: sha512-Q+wSjaLpGxYf7zC0kL0nDlhsfuFkoN+EXrx2KSB33RhinWzejOd6AvgmP5JbkgXKmjhmpfgKZq24pneodYqE8Q==}
    engines: {node: '>=18'}
    cpu: [x64]
    os: [freebsd]

  '@esbuild/linux-arm64@0.25.3':
    resolution: {integrity: sha512-xCUgnNYhRD5bb1C1nqrDV1PfkwgbswTTBRbAd8aH5PhYzikdf/ddtsYyMXFfGSsb/6t6QaPSzxtbfAZr9uox4A==}
    engines: {node: '>=18'}
    cpu: [arm64]
    os: [linux]

  '@esbuild/linux-arm@0.25.3':
    resolution: {integrity: sha512-dUOVmAUzuHy2ZOKIHIKHCm58HKzFqd+puLaS424h6I85GlSDRZIA5ycBixb3mFgM0Jdh+ZOSB6KptX30DD8YOQ==}
    engines: {node: '>=18'}
    cpu: [arm]
    os: [linux]

  '@esbuild/linux-ia32@0.25.3':
    resolution: {integrity: sha512-yplPOpczHOO4jTYKmuYuANI3WhvIPSVANGcNUeMlxH4twz/TeXuzEP41tGKNGWJjuMhotpGabeFYGAOU2ummBw==}
    engines: {node: '>=18'}
    cpu: [ia32]
    os: [linux]

  '@esbuild/linux-loong64@0.25.3':
    resolution: {integrity: sha512-P4BLP5/fjyihmXCELRGrLd793q/lBtKMQl8ARGpDxgzgIKJDRJ/u4r1A/HgpBpKpKZelGct2PGI4T+axcedf6g==}
    engines: {node: '>=18'}
    cpu: [loong64]
    os: [linux]

  '@esbuild/linux-mips64el@0.25.3':
    resolution: {integrity: sha512-eRAOV2ODpu6P5divMEMa26RRqb2yUoYsuQQOuFUexUoQndm4MdpXXDBbUoKIc0iPa4aCO7gIhtnYomkn2x+bag==}
    engines: {node: '>=18'}
    cpu: [mips64el]
    os: [linux]

  '@esbuild/linux-ppc64@0.25.3':
    resolution: {integrity: sha512-ZC4jV2p7VbzTlnl8nZKLcBkfzIf4Yad1SJM4ZMKYnJqZFD4rTI+pBG65u8ev4jk3/MPwY9DvGn50wi3uhdaghg==}
    engines: {node: '>=18'}
    cpu: [ppc64]
    os: [linux]

  '@esbuild/linux-riscv64@0.25.3':
    resolution: {integrity: sha512-LDDODcFzNtECTrUUbVCs6j9/bDVqy7DDRsuIXJg6so+mFksgwG7ZVnTruYi5V+z3eE5y+BJZw7VvUadkbfg7QA==}
    engines: {node: '>=18'}
    cpu: [riscv64]
    os: [linux]

  '@esbuild/linux-s390x@0.25.3':
    resolution: {integrity: sha512-s+w/NOY2k0yC2p9SLen+ymflgcpRkvwwa02fqmAwhBRI3SC12uiS10edHHXlVWwfAagYSY5UpmT/zISXPMW3tQ==}
    engines: {node: '>=18'}
    cpu: [s390x]
    os: [linux]

  '@esbuild/linux-x64@0.25.3':
    resolution: {integrity: sha512-nQHDz4pXjSDC6UfOE1Fw9Q8d6GCAd9KdvMZpfVGWSJztYCarRgSDfOVBY5xwhQXseiyxapkiSJi/5/ja8mRFFA==}
    engines: {node: '>=18'}
    cpu: [x64]
    os: [linux]

  '@esbuild/netbsd-arm64@0.25.3':
    resolution: {integrity: sha512-1QaLtOWq0mzK6tzzp0jRN3eccmN3hezey7mhLnzC6oNlJoUJz4nym5ZD7mDnS/LZQgkrhEbEiTn515lPeLpgWA==}
    engines: {node: '>=18'}
    cpu: [arm64]
    os: [netbsd]

  '@esbuild/netbsd-x64@0.25.3':
    resolution: {integrity: sha512-i5Hm68HXHdgv8wkrt+10Bc50zM0/eonPb/a/OFVfB6Qvpiirco5gBA5bz7S2SHuU+Y4LWn/zehzNX14Sp4r27g==}
    engines: {node: '>=18'}
    cpu: [x64]
    os: [netbsd]

  '@esbuild/openbsd-arm64@0.25.3':
    resolution: {integrity: sha512-zGAVApJEYTbOC6H/3QBr2mq3upG/LBEXr85/pTtKiv2IXcgKV0RT0QA/hSXZqSvLEpXeIxah7LczB4lkiYhTAQ==}
    engines: {node: '>=18'}
    cpu: [arm64]
    os: [openbsd]

  '@esbuild/openbsd-x64@0.25.3':
    resolution: {integrity: sha512-fpqctI45NnCIDKBH5AXQBsD0NDPbEFczK98hk/aa6HJxbl+UtLkJV2+Bvy5hLSLk3LHmqt0NTkKNso1A9y1a4w==}
    engines: {node: '>=18'}
    cpu: [x64]
    os: [openbsd]

  '@esbuild/sunos-x64@0.25.3':
    resolution: {integrity: sha512-ROJhm7d8bk9dMCUZjkS8fgzsPAZEjtRJqCAmVgB0gMrvG7hfmPmz9k1rwO4jSiblFjYmNvbECL9uhaPzONMfgA==}
    engines: {node: '>=18'}
    cpu: [x64]
    os: [sunos]

  '@esbuild/win32-arm64@0.25.3':
    resolution: {integrity: sha512-YWcow8peiHpNBiIXHwaswPnAXLsLVygFwCB3A7Bh5jRkIBFWHGmNQ48AlX4xDvQNoMZlPYzjVOQDYEzWCqufMQ==}
    engines: {node: '>=18'}
    cpu: [arm64]
    os: [win32]

  '@esbuild/win32-ia32@0.25.3':
    resolution: {integrity: sha512-qspTZOIGoXVS4DpNqUYUs9UxVb04khS1Degaw/MnfMe7goQ3lTfQ13Vw4qY/Nj0979BGvMRpAYbs/BAxEvU8ew==}
    engines: {node: '>=18'}
    cpu: [ia32]
    os: [win32]

  '@esbuild/win32-x64@0.25.3':
    resolution: {integrity: sha512-ICgUR+kPimx0vvRzf+N/7L7tVSQeE3BYY+NhHRHXS1kBuPO7z2+7ea2HbhDyZdTephgvNvKrlDDKUexuCVBVvg==}
    engines: {node: '>=18'}
    cpu: [x64]
    os: [win32]

  '@jridgewell/resolve-uri@3.1.2':
    resolution: {integrity: sha512-bRISgCIjP20/tbWSPWMEi54QVPRZExkuD9lJL+UIxUKtwVJA8wW1Trb1jMs1RFXo1CBTNZ/5hpC9QvmKWdopKw==}
    engines: {node: '>=6.0.0'}

  '@jridgewell/sourcemap-codec@1.5.0':
    resolution: {integrity: sha512-gv3ZRaISU3fjPAgNsriBRqGWQL6quFx04YMPW/zD8XMLsU32mhCCbfbO6KZFLjvYpCZ8zyDEgqsgf+PwPaM7GQ==}

  '@jridgewell/trace-mapping@0.3.9':
    resolution: {integrity: sha512-3Belt6tdc8bPgAtbcmdtNJlirVoTmEb5e2gC94PnkwEW9jI6CAHUeoG85tjWP5WquqfavoMtMwiG4P926ZKKuQ==}

  '@sapphire/async-queue@1.5.5':
    resolution: {integrity: sha512-cvGzxbba6sav2zZkH8GPf2oGk9yYoD5qrNWdu9fRehifgnFZJMV+nuy2nON2roRO4yQQ+v7MK/Pktl/HgfsUXg==}
    engines: {node: '>=v14.0.0', npm: '>=7.0.0'}

  '@sapphire/shapeshift@4.0.0':
    resolution: {integrity: sha512-d9dUmWVA7MMiKobL3VpLF8P2aeanRTu6ypG2OIaEv/ZHH/SUQ2iHOVyi5wAPjQ+HmnMuL0whK9ez8I/raWbtIg==}
    engines: {node: '>=v16'}

  '@sapphire/snowflake@3.5.3':
    resolution: {integrity: sha512-jjmJywLAFoWeBi1W7994zZyiNWPIiqRRNAmSERxyg93xRGzNYvGjlZ0gR6x0F4gPRi2+0O6S71kOZYyr3cxaIQ==}
    engines: {node: '>=v14.0.0', npm: '>=7.0.0'}

  '@tsconfig/node10@1.0.11':
    resolution: {integrity: sha512-DcRjDCujK/kCk/cUe8Xz8ZSpm8mS3mNNpta+jGCA6USEDfktlNvm1+IuZ9eTcDbNk41BHwpHHeW+N1lKCz4zOw==}

  '@tsconfig/node12@1.0.11':
    resolution: {integrity: sha512-cqefuRsh12pWyGsIoBKJA9luFu3mRxCA+ORZvA4ktLSzIuCUtWVxGIuXigEwO5/ywWFMZ2QEGKWvkZG1zDMTag==}

  '@tsconfig/node14@1.0.3':
    resolution: {integrity: sha512-ysT8mhdixWK6Hw3i1V2AeRqZ5WfXg1G43mqoYlM2nc6388Fq5jcXyr5mRsqViLx/GJYdoL0bfXD8nmF+Zn/Iow==}

  '@tsconfig/node16@1.0.4':
    resolution: {integrity: sha512-vxhUy4J8lyeyinH7Azl1pdd43GJhZH/tP2weN8TntQblOY+A0XbT8DJk1/oCPuOOyg/Ja757rG0CgHcWC8OfMA==}

  '@types/node@22.15.2':
    resolution: {integrity: sha512-uKXqKN9beGoMdBfcaTY1ecwz6ctxuJAcUlwE55938g0ZJ8lRxwAZqRz2AJ4pzpt5dHdTPMB863UZ0ESiFUcP7A==}

  '@types/ws@8.18.1':
    resolution: {integrity: sha512-ThVF6DCVhA8kUGy+aazFQ4kXQ7E1Ty7A3ypFOe0IcJV8O/M511G99AW24irKrW56Wt44yG9+ij8FaqoBGkuBXg==}

  '@vladfrangu/async_event_emitter@2.4.6':
    resolution: {integrity: sha512-RaI5qZo6D2CVS6sTHFKg1v5Ohq/+Bo2LZ5gzUEwZ/WkHhwtGTCB/sVLw8ijOkAUxasZ+WshN/Rzj4ywsABJ5ZA==}
    engines: {node: '>=v14.0.0', npm: '>=7.0.0'}

  acorn-walk@8.3.4:
    resolution: {integrity: sha512-ueEepnujpqee2o5aIYnvHU6C0A42MNdsIDeqy5BydrkuC5R1ZuUFnm27EeFJGoEHJQgn3uleRvmTXaJgfXbt4g==}
    engines: {node: '>=0.4.0'}

  acorn@8.14.1:
    resolution: {integrity: sha512-OvQ/2pUDKmgfCg++xsTX1wGxfTaszcHVcTctW4UJB4hibJx2HXxxO5UmVgyjMa+ZDsiaf5wWLXYpRWMmBI0QHg==}
    engines: {node: '>=0.4.0'}
    hasBin: true

  arg@4.1.3:
    resolution: {integrity: sha512-58S9QDqG0Xx27YwPSt9fJxivjYl432YCwfDMfZ+71RAqUrZef7LrKQZ3LHLOwCS4FLNBplP533Zx895SeOCHvA==}

  balanced-match@1.0.2:
    resolution: {integrity: sha512-3oSeUO0TMV67hN1AmbXsK4yaqU7tjiHlbxRDZOpH0KW9+CeX4bRAaX0Anxt0tx2MrpRpWwQaPwIlISEJhYU5Pw==}

  brace-expansion@2.0.1:
    resolution: {integrity: sha512-XnAIvQ8eM+kC6aULx6wuQiwVsnzsi9d3WxzV3FpWTGA19F621kwdbsAcFKXgKUHZWsy+mY6iL1sHTxWEFCytDA==}

  create-require@1.1.1:
    resolution: {integrity: sha512-dcKFX3jn0MpIaXjisoRvexIJVEKzaq7z2rZKxf+MSr9TkdmHmsU4m2lcLojrj/FHl8mk5VxMmYA+ftRkP/3oKQ==}

  diff@4.0.2:
    resolution: {integrity: sha512-58lmxKSA4BNyLz+HHMUzlOEpg09FV+ev6ZMe3vJihgdxzgcwZ8VoEEPmALCZG9LmqfVoNMMKpttIYTVG6uDY7A==}
    engines: {node: '>=0.3.1'}

  discord-api-types@0.38.1:
    resolution: {integrity: sha512-vsjsqjAuxsPhiwbPjTBeGQaDPlizFmSkU0mTzFGMgRxqCDIRBR7iTY74HacpzrDV0QtERHRKQEk1tq7drZUtHg==}

  discord.js@14.19.1:
    resolution: {integrity: sha512-r5jsPyaeoCrRGbdse4vQNbHAsoc2zuueyiTFJ2Ce7BiaJak9OldzKZWaWGwKdCFDH3zXlthU1hHXkx1EswKZCA==}
    engines: {node: '>=18'}

  esbuild@0.25.3:
    resolution: {integrity: sha512-qKA6Pvai73+M2FtftpNKRxJ78GIjmFXFxd/1DVBqGo/qNhLSfv+G12n9pNoWdytJC8U00TrViOwpjT0zgqQS8Q==}
    engines: {node: '>=18'}
    hasBin: true

  fast-deep-equal@3.1.3:
    resolution: {integrity: sha512-f3qQ9oQy9j2AhBe/H9VC91wLmKBCCU/gDOnKNAYG5hswO7BLKj09Hc5HYNz9cGI++xlpDCIgDaitVs03ATR84Q==}

  fsevents@2.3.3:
    resolution: {integrity: sha512-5xoDfX+fL7faATnagmWPpbFtwh/R77WmMMqqHGS65C3vvB0YHrgF+B1YmZ3441tMj5n63k0212XNoJwzlhffQw==}
    engines: {node: ^8.16.0 || ^10.6.0 || >=11.0.0}
    os: [darwin]

  function-bind@1.1.2:
    resolution: {integrity: sha512-7XHNxH7qX9xG5mIwxkhumTox/MIRNcOgDrxWsMt2pAr23WHp6MrRlN7FBSFpCpr+oVO0F744iUgR82nJMfG2SA==}

  get-tsconfig@4.10.0:
    resolution: {integrity: sha512-kGzZ3LWWQcGIAmg6iWvXn0ei6WDtV26wzHRMwDSzmAbcXrTEXxHy6IehI6/4eT6VRKyMP1eF1VqwrVUmE/LR7A==}

  hasown@2.0.2:
    resolution: {integrity: sha512-0hJU9SCPvmMzIBdZFqNPXWa6dqh7WdH0cII9y+CyS8rG3nL48Bclra9HmKhVVUHyPWNH5Y7xDwAB7bfgSjkUMQ==}
    engines: {node: '>= 0.4'}

  is-core-module@2.16.1:
    resolution: {integrity: sha512-UfoeMA6fIJ8wTYFEUjelnaGI67v6+N7qXJEvQuIGa99l4xsCruSYOVSQ0uPANn4dAzm8lkYPaKLrrijLq7x23w==}
    engines: {node: '>= 0.4'}

  lodash.snakecase@4.1.1:
    resolution: {integrity: sha512-QZ1d4xoBHYUeuouhEq3lk3Uq7ldgyFXGBhg04+oRLnIz8o9T65Eh+8YdroUwn846zchkA9yDsDl5CVVaV2nqYw==}

  lodash@4.17.21:
    resolution: {integrity: sha512-v2kDEe57lecTulaDIuNTPy3Ry4gLGJ6Z1O3vE1krgXZNrsQ+LFTGHVxVjcXPs17LhbZVGedAJv8XZ1tvj5FvSg==}

  magic-bytes.js@1.12.1:
    resolution: {integrity: sha512-ThQLOhN86ZkJ7qemtVRGYM+gRgR8GEXNli9H/PMvpnZsE44Xfh3wx9kGJaldg314v85m+bFW6WBMaVHJc/c3zA==}

  make-error@1.3.6:
    resolution: {integrity: sha512-s8UhlNe7vPKomQhC1qFelMokr/Sc3AgNbso3n74mVPA5LTZwkB9NlXf4XPamLxJE8h0gh73rM94xvwRT2CVInw==}

  minimatch@9.0.5:
    resolution: {integrity: sha512-G6T0ZX48xgozx7587koeX9Ys2NYy6Gmv//P89sEte9V9whIapMNF4idKxnW2QtCcLiTWlb/wfCabAtAFWhhBow==}
    engines: {node: '>=16 || 14 >=14.17'}

  path-parse@1.0.7:
    resolution: {integrity: sha512-LDJzPVEEEPR+y48z93A0Ed0yXb8pAByGWo/k5YYdYgpY2/2EsOsksJrq7lOHxryrVOn1ejG6oAp8ahvOIQD8sw==}

  resolve-pkg-maps@1.0.0:
    resolution: {integrity: sha512-seS2Tj26TBVOC2NIc2rOe2y2ZO7efxITtLZcGSOnHHNOQ7CkiUBfw0Iw2ck6xkIhPwLhKNLS8BO+hEpngQlqzw==}

  resolve@1.22.10:
    resolution: {integrity: sha512-NPRy+/ncIMeDlTAsuqwKIiferiawhefFJtkNSW0qZJEqMEb+qBt/77B/jGeeek+F0uOeN05CDa6HXbbIgtVX4w==}
    engines: {node: '>= 0.4'}
    hasBin: true

  supports-preserve-symlinks-flag@1.0.0:
    resolution: {integrity: sha512-ot0WnXS9fgdkgIcePe6RHNk1WA8+muPa6cSjeR3V8K27q9BB1rTE3R1p7Hv0z1ZyAc8s6Vvv8DIyWf681MAt0w==}
    engines: {node: '>= 0.4'}

  ts-mixer@6.0.4:
    resolution: {integrity: sha512-ufKpbmrugz5Aou4wcr5Wc1UUFWOLhq+Fm6qa6P0w0K5Qw2yhaUoiWszhCVuNQyNwrlGiscHOmqYoAox1PtvgjA==}

  ts-node@10.9.2:
    resolution: {integrity: sha512-f0FFpIdcHgn8zcPSbf1dRevwt047YMnaiJM3u2w2RewrB+fob/zePZcrOyQoLMMO7aBIddLcQIEK5dYjkLnGrQ==}
    hasBin: true
    peerDependencies:
      '@swc/core': '>=1.2.50'
      '@swc/wasm': '>=1.2.50'
      '@types/node': '*'
      typescript: '>=2.7'
    peerDependenciesMeta:
      '@swc/core':
        optional: true
      '@swc/wasm':
        optional: true

  tslib@2.8.1:
    resolution: {integrity: sha512-oJFu94HQb+KVduSUQL7wnpmqnfmLsOA/nAh6b6EH0wCEoK0/mPeXU6c3wKDV83MkOuHPRHtSXKKU99IBazS/2w==}

  tsx@4.19.3:
    resolution: {integrity: sha512-4H8vUNGNjQ4V2EOoGw005+c+dGuPSnhpPBPHBtsZdGZBk/iJb4kguGlPWaZTZ3q5nMtFOEsY0nRDlh9PJyd6SQ==}
    engines: {node: '>=18.0.0'}
    hasBin: true

  ttsc@0.3.1:
    resolution: {integrity: sha512-3l5bxt8xRc/0Yty9QiF8iPG9lk/FLwiHNU/CkFQUZ82WoxCBKk1HgBQ9GSuiQfn0up+ou5f8tHMlh9kGFOO1Vg==}
    hasBin: true
    peerDependencies:
      ts-node: '>=8.0.2'
      typescript: '>=3.2.2'

  typescript-transform-paths@3.5.5:
    resolution: {integrity: sha512-RMK86wKe/4+ad+3kMT9SKAs3K0tUHLe7hF+MLbD6VpC9VUmFuKorhf3pHz+qO5GdS4mUp2ncNUo14j6ws9UvBQ==}
    peerDependencies:
      typescript: '>=3.6.5'

  typescript@5.8.3:
    resolution: {integrity: sha512-p1diW6TqL9L07nNxvRMM7hMMw4c5XOo/1ibL4aAIGmSAt9slTE1Xgw5KWuof2uTOvCg9BY7ZRi+GaF+7sfgPeQ==}
    engines: {node: '>=14.17'}
    hasBin: true

  undici-types@6.21.0:
    resolution: {integrity: sha512-iwDZqg0QAGrg9Rav5H4n0M64c3mkR59cJ6wQp+7C4nI0gsmExaedaYLNO44eT4AtBBwjbTiGPMlt2Md0T9H9JQ==}

  undici@6.21.1:
    resolution: {integrity: sha512-q/1rj5D0/zayJB2FraXdaWxbhWiNKDvu8naDT2dl1yTlvJp4BLtOcp2a5BvgGNQpYYJzau7tf1WgKv3b+7mqpQ==}
    engines: {node: '>=18.17'}

  v8-compile-cache-lib@3.0.1:
    resolution: {integrity: sha512-wa7YjyUGfNZngI/vtK0UHAN+lgDCxBPCylVXGp0zu59Fz5aiGtNXaq3DhIov063MorB+VfufLh3JlF2KdTK3xg==}

  ws@8.18.1:
    resolution: {integrity: sha512-RKW2aJZMXeMxVpnZ6bck+RswznaxmzdULiBr6KY7XkTnW8uvt0iT9H5DkHUChXrc+uurzwa0rVI16n/Xzjdz1w==}
    engines: {node: '>=10.0.0'}
    peerDependencies:
      bufferutil: ^4.0.1
      utf-8-validate: '>=5.0.2'
    peerDependenciesMeta:
      bufferutil:
        optional: true
      utf-8-validate:
        optional: true

  yn@3.1.1:
    resolution: {integrity: sha512-Ux4ygGWsu2c7isFWe8Yu1YluJmqVhxqK2cLXNQA5AcC3QfbGNpM7fu0Y8b/z16pXLnFxZYvWhd3fhBY9DLmC6Q==}
    engines: {node: '>=6'}

snapshots:

  '@cspotcode/source-map-support@0.8.1':
    dependencies:
      '@jridgewell/trace-mapping': 0.3.9

  '@discordjs/builders@1.11.1':
    dependencies:
      '@discordjs/formatters': 0.6.1
      '@discordjs/util': 1.1.1
      '@sapphire/shapeshift': 4.0.0
      discord-api-types: 0.38.1
      fast-deep-equal: 3.1.3
      ts-mixer: 6.0.4
      tslib: 2.8.1

  '@discordjs/collection@1.5.3': {}

  '@discordjs/collection@2.1.1': {}

  '@discordjs/formatters@0.6.1':
    dependencies:
      discord-api-types: 0.38.1

  '@discordjs/rest@2.5.0':
    dependencies:
      '@discordjs/collection': 2.1.1
      '@discordjs/util': 1.1.1
      '@sapphire/async-queue': 1.5.5
      '@sapphire/snowflake': 3.5.3
      '@vladfrangu/async_event_emitter': 2.4.6
      discord-api-types: 0.38.1
      magic-bytes.js: 1.12.1
      tslib: 2.8.1
      undici: 6.21.1

  '@discordjs/util@1.1.1': {}

  '@discordjs/ws@1.2.2':
    dependencies:
      '@discordjs/collection': 2.1.1
      '@discordjs/rest': 2.5.0
      '@discordjs/util': 1.1.1
      '@sapphire/async-queue': 1.5.5
      '@types/ws': 8.18.1
      '@vladfrangu/async_event_emitter': 2.4.6
      discord-api-types: 0.38.1
      tslib: 2.8.1
      ws: 8.18.1
    transitivePeerDependencies:
      - bufferutil
      - utf-8-validate

  '@esbuild/aix-ppc64@0.25.3':
    optional: true

  '@esbuild/android-arm64@0.25.3':
    optional: true

  '@esbuild/android-arm@0.25.3':
    optional: true

  '@esbuild/android-x64@0.25.3':
    optional: true

  '@esbuild/darwin-arm64@0.25.3':
    optional: true

  '@esbuild/darwin-x64@0.25.3':
    optional: true

  '@esbuild/freebsd-arm64@0.25.3':
    optional: true

  '@esbuild/freebsd-x64@0.25.3':
    optional: true

  '@esbuild/linux-arm64@0.25.3':
    optional: true

  '@esbuild/linux-arm@0.25.3':
    optional: true

  '@esbuild/linux-ia32@0.25.3':
    optional: true

  '@esbuild/linux-loong64@0.25.3':
    optional: true

  '@esbuild/linux-mips64el@0.25.3':
    optional: true

  '@esbuild/linux-ppc64@0.25.3':
    optional: true

  '@esbuild/linux-riscv64@0.25.3':
    optional: true

  '@esbuild/linux-s390x@0.25.3':
    optional: true

  '@esbuild/linux-x64@0.25.3':
    optional: true

  '@esbuild/netbsd-arm64@0.25.3':
    optional: true

  '@esbuild/netbsd-x64@0.25.3':
    optional: true

  '@esbuild/openbsd-arm64@0.25.3':
    optional: true

  '@esbuild/openbsd-x64@0.25.3':
    optional: true

  '@esbuild/sunos-x64@0.25.3':
    optional: true

  '@esbuild/win32-arm64@0.25.3':
    optional: true

  '@esbuild/win32-ia32@0.25.3':
    optional: true

  '@esbuild/win32-x64@0.25.3':
    optional: true

  '@jridgewell/resolve-uri@3.1.2': {}

  '@jridgewell/sourcemap-codec@1.5.0': {}

  '@jridgewell/trace-mapping@0.3.9':
    dependencies:
      '@jridgewell/resolve-uri': 3.1.2
      '@jridgewell/sourcemap-codec': 1.5.0

  '@sapphire/async-queue@1.5.5': {}

  '@sapphire/shapeshift@4.0.0':
    dependencies:
      fast-deep-equal: 3.1.3
      lodash: 4.17.21

  '@sapphire/snowflake@3.5.3': {}

  '@tsconfig/node10@1.0.11': {}

  '@tsconfig/node12@1.0.11': {}

  '@tsconfig/node14@1.0.3': {}

  '@tsconfig/node16@1.0.4': {}

  '@types/node@22.15.2':
    dependencies:
      undici-types: 6.21.0

  '@types/ws@8.18.1':
    dependencies:
      '@types/node': 22.15.2

  '@vladfrangu/async_event_emitter@2.4.6': {}

  acorn-walk@8.3.4:
    dependencies:
      acorn: 8.14.1

  acorn@8.14.1: {}

  arg@4.1.3: {}

  balanced-match@1.0.2: {}

  brace-expansion@2.0.1:
    dependencies:
      balanced-match: 1.0.2

  create-require@1.1.1: {}

  diff@4.0.2: {}

  discord-api-types@0.38.1: {}

  discord.js@14.19.1:
    dependencies:
      '@discordjs/builders': 1.11.1
      '@discordjs/collection': 1.5.3
      '@discordjs/formatters': 0.6.1
      '@discordjs/rest': 2.5.0
      '@discordjs/util': 1.1.1
      '@discordjs/ws': 1.2.2
      '@sapphire/snowflake': 3.5.3
      discord-api-types: 0.38.1
      fast-deep-equal: 3.1.3
      lodash.snakecase: 4.1.1
      magic-bytes.js: 1.12.1
      tslib: 2.8.1
      undici: 6.21.1
    transitivePeerDependencies:
      - bufferutil
      - utf-8-validate

  esbuild@0.25.3:
    optionalDependencies:
      '@esbuild/aix-ppc64': 0.25.3
      '@esbuild/android-arm': 0.25.3
      '@esbuild/android-arm64': 0.25.3
      '@esbuild/android-x64': 0.25.3
      '@esbuild/darwin-arm64': 0.25.3
      '@esbuild/darwin-x64': 0.25.3
      '@esbuild/freebsd-arm64': 0.25.3
      '@esbuild/freebsd-x64': 0.25.3
      '@esbuild/linux-arm': 0.25.3
      '@esbuild/linux-arm64': 0.25.3
      '@esbuild/linux-ia32': 0.25.3
      '@esbuild/linux-loong64': 0.25.3
      '@esbuild/linux-mips64el': 0.25.3
      '@esbuild/linux-ppc64': 0.25.3
      '@esbuild/linux-riscv64': 0.25.3
      '@esbuild/linux-s390x': 0.25.3
      '@esbuild/linux-x64': 0.25.3
      '@esbuild/netbsd-arm64': 0.25.3
      '@esbuild/netbsd-x64': 0.25.3
      '@esbuild/openbsd-arm64': 0.25.3
      '@esbuild/openbsd-x64': 0.25.3
      '@esbuild/sunos-x64': 0.25.3
      '@esbuild/win32-arm64': 0.25.3
      '@esbuild/win32-ia32': 0.25.3
      '@esbuild/win32-x64': 0.25.3

  fast-deep-equal@3.1.3: {}

  fsevents@2.3.3:
    optional: true

  function-bind@1.1.2: {}

  get-tsconfig@4.10.0:
    dependencies:
      resolve-pkg-maps: 1.0.0

  hasown@2.0.2:
    dependencies:
      function-bind: 1.1.2

  is-core-module@2.16.1:
    dependencies:
      hasown: 2.0.2

  lodash.snakecase@4.1.1: {}

  lodash@4.17.21: {}

  magic-bytes.js@1.12.1: {}

  make-error@1.3.6: {}

  minimatch@9.0.5:
    dependencies:
      brace-expansion: 2.0.1

  path-parse@1.0.7: {}

  resolve-pkg-maps@1.0.0: {}

  resolve@1.22.10:
    dependencies:
      is-core-module: 2.16.1
      path-parse: 1.0.7
      supports-preserve-symlinks-flag: 1.0.0

  supports-preserve-symlinks-flag@1.0.0: {}

  ts-mixer@6.0.4: {}

  ts-node@10.9.2(@types/node@22.15.2)(typescript@5.8.3):
    dependencies:
      '@cspotcode/source-map-support': 0.8.1
      '@tsconfig/node10': 1.0.11
      '@tsconfig/node12': 1.0.11
      '@tsconfig/node14': 1.0.3
      '@tsconfig/node16': 1.0.4
      '@types/node': 22.15.2
      acorn: 8.14.1
      acorn-walk: 8.3.4
      arg: 4.1.3
      create-require: 1.1.1
      diff: 4.0.2
      make-error: 1.3.6
      typescript: 5.8.3
      v8-compile-cache-lib: 3.0.1
      yn: 3.1.1

  tslib@2.8.1: {}

  tsx@4.19.3:
    dependencies:
      esbuild: 0.25.3
      get-tsconfig: 4.10.0
    optionalDependencies:
      fsevents: 2.3.3

  ttsc@0.3.1(ts-node@10.9.2(@types/node@22.15.2)(typescript@5.8.3))(typescript@5.8.3):
    dependencies:
      resolve: 1.22.10
      ts-node: 10.9.2(@types/node@22.15.2)(typescript@5.8.3)
      typescript: 5.8.3

  typescript-transform-paths@3.5.5(typescript@5.8.3):
    dependencies:
      minimatch: 9.0.5
      typescript: 5.8.3

  typescript@5.8.3: {}

  undici-types@6.21.0: {}

  undici@6.21.1: {}

  v8-compile-cache-lib@3.0.1: {}

  ws@8.18.1: {}

  yn@3.1.1: {}
